// !$*UTF8*$!
{
	archiveVersion = 1;
	classes = {
	};
	objectVersion = 46;
	objects = {

/* Begin PBXBuildFile section */
		CDE1F0201A9B1B4900E42B5D /* main.cpp in Sources */ = {isa = PBXBuildFile; fileRef = CDE1F01F1A9B1B4900E42B5D /* main.cpp */; };
/* End PBXBuildFile section */

/* Begin PBXCopyFilesBuildPhase section */
		CDE1F01A1A9B1B4900E42B5D /* CopyFiles */ = {
			isa = PBXCopyFilesBuildPhase;
			buildActionMask = 2147483647;
			dstPath = /usr/share/man/man1/;
			dstSubfolderSpec = 0;
			files = (
			);
			runOnlyForDeploymentPostprocessing = 1;
		};
/* End PBXCopyFilesBuildPhase section */

/* Begin PBXFileReference section */
		CDE1F01C1A9B1B4900E42B5D /* AmazonQuestion */ = {isa = PBXFileReference; explicitFileType = "compiled.mach-o.executable"; includeInIndex = 0; path = AmazonQuestion; sourceTree = BUILT_PRODUCTS_DIR; };
		CDE1F01F1A9B1B4900E42B5D /* main.cpp */ = {isa = PBXFileReference; lastKnownFileType = sourcecode.cpp.cpp; path = main.cpp; sourceTree = "<group>"; };
/* End PBXFileReference section */

/* Begin PBXFrameworksBuildPhase section */
		CDE1F0191A9B1B4900E42B5D /* Frameworks */ = {
			isa = PBXFrameworksBuildPhase;
			buildActionMask = 2147483647;
			files = (
			);
			runOnlyForDeploymentPostprocessing = 0;
		};
/* End PBXFrameworksBuildPhase section */

/* Begin PBXGroup section */
		CDE1F0131A9B1B4900E42B5D = {
			isa = PBXGroup;
			children = (
				CDE1F01E1A9B1B4900E42B5D /* AmazonQuestion */,
				CDE1F01D1A9B1B4900E42B5D /* Products */,
			);
			sourceTree = "<group>";
		};
		CDE1F01D1A9B1B4900E42B5D /* Products */ = {
			isa = PBXGroup;
			children = (
				CDE1F01C1A9B1B4900E42B5D /* AmazonQuestion */,
			);
			name = Products;
			sourceTree = "<group>";
		};
		CDE1F01E1A9B1B4900E42B5D /* AmazonQuestion */ = {
			isa = PBXGroup;
			children = (
				CDE1F01F1A9B1B4900E42B5D /* main.cpp */,
			);
			path = AmazonQuestion;
			sourceTree = "<group>";
		};
/* End PBXGroup section */

/* Begin PBXNativeTarget section */
		CDE1F01B1A9B1B4900E42B5D /* AmazonQuestion */ = {
			isa = PBXNativeTarget;
			buildConfigurationList = CDE1F0231A9B1B4900E42B5D /* Build configuration list for PBXNativeTarget "AmazonQuestion" */;
			buildPhases = (
				CDE1F0181A9B1B4900E42B5D /* Sources */,
				CDE1F0191A9B1B4900E42B5D /* Frameworks */,
				CDE1F01A1A9B1B4900E42B5D /* CopyFiles */,
			);
			buildRules = (
			);
			dependencies = (
			);
			name = AmazonQuestion;
			productName = AmazonQuestion;
			productReference = CDE1F01C1A9B1B4900E42B5D /* AmazonQuestion */;
			productType = "com.apple.product-type.tool";
		};
/* End PBXNativeTarget section */

/* Begin PBXProject section */
		CDE1F0141A9B1B4900E42B5D /* Project object */ = {
			isa = PBXProject;
			attributes = {
				LastUpgradeCheck = 0610;
				ORGANIZATIONNAME = LUPENG;
				TargetAttributes = {
					CDE1F01B1A9B1B4900E42B5D = {
						CreatedOnToolsVersion = 6.1.1;
					};
				};
			};
			buildConfigurationList = CDE1F0171A9B1B4900E42B5D /* Build configuration list for PBXProject "AmazonQuestion" */;
			compatibilityVersion = "Xcode 3.2";
			developmentRegion = English;
			hasScannedForEncodings = 0;
			knownRegions = (
				en,
			);
			mainGroup = CDE1F0131A9B1B4900E42B5D;
			productRefGroup = CDE1F01D1A9B1B4900E42B5D /* Products */;
			projectDirPath = "";
			projectRoot = "";
			targets = (
				CDE1F01B1A9B1B4900E42B5D /* AmazonQuestion */,
			);
		};
/* End PBXProject section */

/* Begin PBXSourcesBuildPhase section */
		CDE1F0181A9B1B4900E42B5D /* Sources */ = {
			isa = PBXSourcesBuildPhase;
			buildActionMask = 2147483647;
			files = (
				CDE1F0201A9B1B4900E42B5D /* main.cpp in Sources */,
			);
			runOnlyForDeploymentPostprocessing = 0;
		};
/* End PBXSourcesBuildPhase section */

/* Begin XCBuildConfiguration section */
		CDE1F0211A9B1B4900E42B5D /* Debug */ = {
			isa = XCBuildConfiguration;
			buildSettings = {
				ALWAYS_SEARCH_USER_PATHS = NO;
				CLANG_CXX_LANGUAGE_STANDARD = "gnu++0x";
				CLANG_CXX_LIBRARY = "libc++";
				CLANG_ENABLE_MODULES = YES;
				CLANG_ENABLE_OBJC_ARC = YES;
				CLANG_WARN_BOOL_CONVERSION = YES;
				CLANG_WARN_CONSTANT_CONVERSION = YES;
				CLANG_WARN_DIRECT_OBJC_ISA_USAGE = YES_ERROR;
				CLANG_WARN_EMPTY_BODY = YES;
				CLANG_WARN_ENUM_CONVERSION = YES;
				CLANG_WARN_INT_CONVERSION = YES;
				CLANG_WARN_OBJC_ROOT_CLASS = YES_ERROR;
				CLANG_WARN_UNREACHABLE_CODE = YES;
				CLANG_WARN__DUPLICATE_METHOD_MATCH = YES;
				COPY_PHASE_STRIP = NO;
				ENABLE_STRICT_OBJC_MSGSEND = YES;
				GCC_C_LANGUAGE_STANDARD = gnu99;
				GCC_DYNAMIC_NO_PIC = NO;
				GCC_OPTIMIZATION_LEVEL = 0;
				GCC_PREPROCESSOR_DEFINITIONS = (
					"DEBUG=1",
					"$(inherited)",
				);
				GCC_SYMBOLS_PRIVATE_EXTERN = NO;
				GCC_WARN_64_TO_32_BIT_CONVERSION = YES;
				GCC_WARN_ABOUT_RETURN_TYPE = YES_ERROR;
				GCC_WARN_UNDECLARED_SELECTOR = YES;
				GCC_WARN_UNINITIALIZED_AUTOS = YES_AGGRESSIVE;
				GCC_WARN_UNUSED_FUNCTION = YES;
				GCC_WARN_UNUSED_VARIABLE = YES;
				MACOSX_DEPLOYMENT_TARGET = 10.10;
				MTL_ENABLE_DEBUG_INFO = YES;
				ONLY_ACTIVE_ARCH = YES;
				SDKROOT = macosx;
			};
			name = Debug;
		};
		CDE1F0221A9B1B4900E42B5D /* Release */ = {
			isa = XCBuildConfiguration;
			buildSettings = {
				ALWAYS_SEARCH_USER_PATHS = NO;
				CLANG_CXX_LANGUAGE_STANDARD = "gnu++0x";
				CLANG_CXX_LIBRARY = "libc++";
				CLANG_ENABLE_MODULES = YES;
				CLANG_ENABLE_OBJC_ARC = YES;
				CLANG_WARN_BOOL_CONVERSION = YES;
				CLANG_WARN_CONSTANT_CONVERSION = YES;
				CLANG_WARN_DIRECT_OBJC_ISA_USAGE = YES_ERROR;
				CLANG_WARN_EMPTY_BODY = YES;
				CLANG_WARN_ENUM_CONVERSION = YES;
				CLANG_WARN_INT_CONVERSION = YES;
				CLANG_WARN_OBJC_ROOT_CLASS = YES_ERROR;
				CLANG_WARN_UNREACHABLE_CODE = YES;
				CLANG_WARN__DUPLICATE_METHOD_MATCH = YES;
				COPY_PHASE_STRIP = YES;
				DEBUG_INFORMATION_FORMAT = "dwarf-with-dsym";
				ENABLE_NS_ASSERTIONS = NO;
				ENABLE_STRICT_OBJC_MSGSEND = YES;
				GCC_C_LANGUAGE_STANDARD = gnu99;
				GCC_WARN_64_TO_32_BIT_CONVERSION = YES;
				GCC_WARN_ABOUT_RETURN_TYPE = YES_ERROR;
				GCC_WARN_UNDECLARED_SELECTOR = YES;
				GCC_WARN_UNINITIALIZED_AUTOS = YES_AGGRESSIVE;
				GCC_WARN_UNUSED_FUNCTION = YES;
				GCC_WARN_UNUSED_VARIABLE = YES;
				MACOSX_DEPLOYMENT_TARGET = 10.10;
				MTL_ENABLE_DEBUG_INFO = NO;
				SDKROOT = macosx;
			};
			name = Release;
		};
		CDE1F0241A9B1B4900E42B5D /* Debug */ = {
			isa = XCBuildConfiguration;
			buildSettings = {
				PRODUCT_NAME = "$(TARGET_NAME)";
			};
			name = Debug;
		};
		CDE1F0251A9B1B4900E42B5D /* Release */ = {
			isa = XCBuildConfiguration;
			buildSettings = {
				PRODUCT_NAME = "$(TARGET_NAME)";
			};
			name = Release;
		};
/* End XCBuildConfiguration section */

/* Begin XCConfigurationList section */
		CDE1F0171A9B1B4900E42B5D /* Build configuration list for PBXProject "AmazonQuestion" */ = {
			isa = XCConfigurationList;
			buildConfigurations = (
				CDE1F0211A9B1B4900E42B5D /* Debug */,
				CDE1F0221A9B1B4900E42B5D /* Release */,
			);
			defaultConfigurationIsVisible = 0;
			defaultConfigurationName = Release;
		};
		CDE1F0231A9B1B4900E42B5D /* Build configuration list for PBXNativeTarget "AmazonQuestion" */ = {
			isa = XCConfigurationList;
			buildConfigurations = (
				CDE1F0241A9B1B4900E42B5D /* Debug */,
				CDE1F0251A9B1B4900E42B5D /* Release */,
			);
			defaultConfigurationIsVisible = 0;
		};
/* End XCConfigurationList section */
	};
	rootObject = CDE1F0141A9B1B4900E42B5D /* Project object */;
}
